
Microsoft Visual Studio Solution File, Format Version 12.00
# Visual Studio Version 16
VisualStudioVersion = 16.0.30002.166
MinimumVisualStudioVersion = 10.0.40219.1
Project("{2150E333-8FDC-42A3-9474-1A3956D46DE8}") = "Solution Items", "Solution Items", "{6B6F3ED5-B60A-4839-A717-A286D7462D45}"
	ProjectSection(SolutionItems) = preProject
		README.md = README.md
	EndProjectSection
EndProject
Project("{9A19103F-16F7-4668-BE54-9A1E7A4F7556}") = "WebAPIHandsOn.Master", "WebAPIHandsOn.Master\WebAPIHandsOn.Master.csproj", "{39BD883F-F113-4055-9614-5E8715E54267}"
EndProject
Global
	GlobalSection(SolutionConfigurationPlatforms) = preSolution
		Debug|Any CPU = Debug|Any CPU
		Release|Any CPU = Release|Any CPU
	EndGlobalSection
	GlobalSection(ProjectConfigurationPlatforms) = postSolution
		{39BD883F-F113-4055-9614-5E8715E54267}.Debug|Any CPU.ActiveCfg = Debug|Any CPU
		{39BD883F-F113-4055-9614-5E8715E54267}.Debug|Any CPU.Build.0 = Debug|Any CPU
		{39BD883F-F113-4055-9614-5E8715E54267}.Release|Any CPU.ActiveCfg = Release|Any CPU
		{39BD883F-F113-4055-9614-5E8715E54267}.Release|Any CPU.Build.0 = Release|Any CPU
	EndGlobalSection
	GlobalSection(SolutionProperties) = preSolution
		HideSolutionNode = FALSE
	EndGlobalSection
	GlobalSection(ExtensibilityGlobals) = postSolution
		SolutionGuid = {9C98DE7D-8511-4BF5-BAC7-14825E7F827A}
	EndGlobalSection
EndGlobal
